
Microsoft Visual Studio Solution File, Format Version 12.00
# Visual Studio Version 17
VisualStudioVersion = 17.8.34525.116
MinimumVisualStudioVersion = 10.0.40219.1
Project("{9A19103F-16F7-4668-BE54-9A1E7A4F7556}") = "PruebaDevHive", "PruebaDevHive\PruebaDevHive.csproj", "{93522D3A-8178-4FF7-BDFB-A406C4070259}"
EndProject
Project("{FAE04EC0-301F-11D3-BF4B-00C04F79EFBC}") = "TestPruebaDevHive", "TestPruebaDevHive\TestPruebaDevHive.csproj", "{14999197-448E-46D4-B17B-4D5ADDFB8ACD}"
EndProject
Project("{FAE04EC0-301F-11D3-BF4B-00C04F79EFBC}") = "WebPruebaDevHive", "WebPruebaDevHive\WebPruebaDevHive.csproj", "{8FA8FE88-E178-41E6-80BA-B55518E24326}"
EndProject
Global
	GlobalSection(SolutionConfigurationPlatforms) = preSolution
		Debug|Any CPU = Debug|Any CPU
		Release|Any CPU = Release|Any CPU
	EndGlobalSection
	GlobalSection(ProjectConfigurationPlatforms) = postSolution
		{93522D3A-8178-4FF7-BDFB-A406C4070259}.Debug|Any CPU.ActiveCfg = Debug|Any CPU
		{93522D3A-8178-4FF7-BDFB-A406C4070259}.Debug|Any CPU.Build.0 = Debug|Any CPU
		{93522D3A-8178-4FF7-BDFB-A406C4070259}.Release|Any CPU.ActiveCfg = Release|Any CPU
		{93522D3A-8178-4FF7-BDFB-A406C4070259}.Release|Any CPU.Build.0 = Release|Any CPU
		{14999197-448E-46D4-B17B-4D5ADDFB8ACD}.Debug|Any CPU.ActiveCfg = Debug|Any CPU
		{14999197-448E-46D4-B17B-4D5ADDFB8ACD}.Debug|Any CPU.Build.0 = Debug|Any CPU
		{14999197-448E-46D4-B17B-4D5ADDFB8ACD}.Release|Any CPU.ActiveCfg = Release|Any CPU
		{14999197-448E-46D4-B17B-4D5ADDFB8ACD}.Release|Any CPU.Build.0 = Release|Any CPU
		{8FA8FE88-E178-41E6-80BA-B55518E24326}.Debug|Any CPU.ActiveCfg = Debug|Any CPU
		{8FA8FE88-E178-41E6-80BA-B55518E24326}.Debug|Any CPU.Build.0 = Debug|Any CPU
		{8FA8FE88-E178-41E6-80BA-B55518E24326}.Release|Any CPU.ActiveCfg = Release|Any CPU
		{8FA8FE88-E178-41E6-80BA-B55518E24326}.Release|Any CPU.Build.0 = Release|Any CPU
	EndGlobalSection
	GlobalSection(SolutionProperties) = preSolution
		HideSolutionNode = FALSE
	EndGlobalSection
	GlobalSection(ExtensibilityGlobals) = postSolution
		SolutionGuid = {1E445A31-5E5C-4381-B424-B10B9CA1C074}
	EndGlobalSection
EndGlobal
